
Microsoft Visual Studio Solution File, Format Version 12.00
# Visual Studio 15
VisualStudioVersion = 15.0.28010.2048
MinimumVisualStudioVersion = 10.0.40219.1
Project("{FAE04EC0-301F-11D3-BF4B-00C04F79EFBC}") = "AdventOfCode2018", "AdventOfCode2018\AdventOfCode2018.csproj", "{3DE6CA66-1172-444B-8AB8-8ECF436C513D}"
EndProject
Global
	GlobalSection(SolutionConfigurationPlatforms) = preSolution
		Debug|Any CPU = Debug|Any CPU
		Release|Any CPU = Release|Any CPU
	EndGlobalSection
	GlobalSection(ProjectConfigurationPlatforms) = postSolution
		{3DE6CA66-1172-444B-8AB8-8ECF436C513D}.Debug|Any CPU.ActiveCfg = Debug|Any CPU
		{3DE6CA66-1172-444B-8AB8-8ECF436C513D}.Debug|Any CPU.Build.0 = Debug|Any CPU
		{3DE6CA66-1172-444B-8AB8-8ECF436C513D}.Release|Any CPU.ActiveCfg = Release|Any CPU
		{3DE6CA66-1172-444B-8AB8-8ECF436C513D}.Release|Any CPU.Build.0 = Release|Any CPU
	EndGlobalSection
	GlobalSection(SolutionProperties) = preSolution
		HideSolutionNode = FALSE
	EndGlobalSection
	GlobalSection(ExtensibilityGlobals) = postSolution
		SolutionGuid = {20E8F31B-FD04-4526-8A51-A3F72BF16D1A}
	EndGlobalSection
EndGlobal
